# THIS IS AN AUTOGENERATED FILE. DO NOT EDIT THIS FILE DIRECTLY.
# yarn lockfile v1


"@telekom/design-tokens@^1.0.0-beta.8":
  version "1.0.0-beta.8"
  resolved "https://artifactory.devops.telekom.de/artifactory/api/npm/registry.npmjs.org/@telekom/design-tokens/-/design-tokens-1.0.0-beta.8.tgz#afee8cf9c3a1fafc2fed230ab02a5bb79c7abc97"
  integrity sha512-8wVJyKXHjEyv7MZgAIGN0pUvZgI2wK5MGC5QxH/YSUgnp6baxC3iBaoMATfatt1krdBu7TGKwmHEdUOefJhQWA==
